// !$*UTF8*$!
{
	archiveVersion = 1;
	classes = {
	};
	objectVersion = 51;
	objects = {

/* Begin PBXBuildFile section */
		3C2B776D254F5E8C00E510B5 /* UIImageView+Ext.swift in Sources */ = {isa = PBXBuildFile; fileRef = 3C2B776C254F5E8C00E510B5 /* UIImageView+Ext.swift */; };
		E54FA23A7F63978033EACB4B /* Pods_NewYorkTimesDemo.framework in Frameworks */ = {isa = PBXBuildFile; fileRef = 0FB46B5214FCB2CCFEF2ED0C /* Pods_NewYorkTimesDemo.framework */; };
		F216F1AA254DF156002769CB /* AppConstants.swift in Sources */ = {isa = PBXBuildFile; fileRef = F216F1A9254DF156002769CB /* AppConstants.swift */; };
		F216F1B2254DF18E002769CB /* TopStoriesViewModel.swift in Sources */ = {isa = PBXBuildFile; fileRef = F216F1B1254DF18D002769CB /* TopStoriesViewModel.swift */; };
<<<<<<< HEAD
		F216F1BB254DF243002769CB /* NewsData.swift in Sources */ = {isa = PBXBuildFile; fileRef = F216F1BA254DF243002769CB /* NewsData.swift */; };
=======
		F216F1BB254DF243002769CB /* TopStoriesModel.swift in Sources */ = {isa = PBXBuildFile; fileRef = F216F1BA254DF243002769CB /* TopStoriesModel.swift */; };
>>>>>>> 27cd282d936dedb4c86db19906a895147aba00c3
		F285AC47254CB6B000AE1263 /* AppDelegate.swift in Sources */ = {isa = PBXBuildFile; fileRef = F285AC46254CB6B000AE1263 /* AppDelegate.swift */; };
		F285AC49254CB6B000AE1263 /* SceneDelegate.swift in Sources */ = {isa = PBXBuildFile; fileRef = F285AC48254CB6B000AE1263 /* SceneDelegate.swift */; };
		F285AC4B254CB6B000AE1263 /* TopStoriesViewController.swift in Sources */ = {isa = PBXBuildFile; fileRef = F285AC4A254CB6B000AE1263 /* TopStoriesViewController.swift */; };
		F285AC4E254CB6B000AE1263 /* Main.storyboard in Resources */ = {isa = PBXBuildFile; fileRef = F285AC4C254CB6B000AE1263 /* Main.storyboard */; };
		F285AC50254CB6B100AE1263 /* Assets.xcassets in Resources */ = {isa = PBXBuildFile; fileRef = F285AC4F254CB6B100AE1263 /* Assets.xcassets */; };
		F285AC53254CB6B100AE1263 /* LaunchScreen.storyboard in Resources */ = {isa = PBXBuildFile; fileRef = F285AC51254CB6B100AE1263 /* LaunchScreen.storyboard */; };
		F285AC5E254CB6B100AE1263 /* NewYorkTimesDemoTests.swift in Sources */ = {isa = PBXBuildFile; fileRef = F285AC5D254CB6B100AE1263 /* NewYorkTimesDemoTests.swift */; };
		F285AC80254CB74D00AE1263 /* ServiceManager.swift in Sources */ = {isa = PBXBuildFile; fileRef = F285AC7F254CB74D00AE1263 /* ServiceManager.swift */; };
		F28E914D25504BC80093A287 /* ErrorTests.swift in Sources */ = {isa = PBXBuildFile; fileRef = F28E914C25504BC80093A287 /* ErrorTests.swift */; };
		F2FAE918254DFBD4009414A7 /* TopStoryTableViewCell.swift in Sources */ = {isa = PBXBuildFile; fileRef = F2FAE917254DFBD4009414A7 /* TopStoryTableViewCell.swift */; };
		F2FAE91F254DFC1B009414A7 /* ReuseableCellProtocol.swift in Sources */ = {isa = PBXBuildFile; fileRef = F2FAE91E254DFC1B009414A7 /* ReuseableCellProtocol.swift */; };
<<<<<<< HEAD
		F2FAE941254E3AF3009414A7 /* StoryDetailViewController.swift in Sources */ = {isa = PBXBuildFile; fileRef = F2FAE940254E3AF3009414A7 /* StoryDetailViewController.swift */; };
=======
		F2FAE928254E0529009414A7 /* TopStoriesNavigationController.swift in Sources */ = {isa = PBXBuildFile; fileRef = F2FAE927254E0529009414A7 /* TopStoriesNavigationController.swift */; };
		F2FAE941254E3AF3009414A7 /* StoryDetailViewController.swift in Sources */ = {isa = PBXBuildFile; fileRef = F2FAE940254E3AF3009414A7 /* StoryDetailViewController.swift */; };
		F2FAE952254E3E74009414A7 /* StoriesDetailViewModel.swift in Sources */ = {isa = PBXBuildFile; fileRef = F2FAE951254E3E74009414A7 /* StoriesDetailViewModel.swift */; };
		F2FAE95B254E4262009414A7 /* StoryDetailModel.swift in Sources */ = {isa = PBXBuildFile; fileRef = F2FAE95A254E4262009414A7 /* StoryDetailModel.swift */; };
>>>>>>> 27cd282d936dedb4c86db19906a895147aba00c3
/* End PBXBuildFile section */

/* Begin PBXContainerItemProxy section */
		F285AC5A254CB6B100AE1263 /* PBXContainerItemProxy */ = {
			isa = PBXContainerItemProxy;
			containerPortal = F285AC3B254CB6B000AE1263 /* Project object */;
			proxyType = 1;
			remoteGlobalIDString = F285AC42254CB6B000AE1263;
			remoteInfo = NewYorkTimesDemo;
		};
/* End PBXContainerItemProxy section */

/* Begin PBXFileReference section */
		0FB46B5214FCB2CCFEF2ED0C /* Pods_NewYorkTimesDemo.framework */ = {isa = PBXFileReference; explicitFileType = wrapper.framework; includeInIndex = 0; path = Pods_NewYorkTimesDemo.framework; sourceTree = BUILT_PRODUCTS_DIR; };
		19D7122DD8CF5A21740D4D56 /* Pods-NewYorkTimesDemo.debug.xcconfig */ = {isa = PBXFileReference; includeInIndex = 1; lastKnownFileType = text.xcconfig; name = "Pods-NewYorkTimesDemo.debug.xcconfig"; path = "Target Support Files/Pods-NewYorkTimesDemo/Pods-NewYorkTimesDemo.debug.xcconfig"; sourceTree = "<group>"; };
		3C2B776C254F5E8C00E510B5 /* UIImageView+Ext.swift */ = {isa = PBXFileReference; lastKnownFileType = sourcecode.swift; name = "UIImageView+Ext.swift"; path = "NewYorkTimesDemo/Common/UIImageView+Ext.swift"; sourceTree = SOURCE_ROOT; };
		B899EACE4FD97025E95D55CA /* Pods-NewYorkTimesDemo.release.xcconfig */ = {isa = PBXFileReference; includeInIndex = 1; lastKnownFileType = text.xcconfig; name = "Pods-NewYorkTimesDemo.release.xcconfig"; path = "Target Support Files/Pods-NewYorkTimesDemo/Pods-NewYorkTimesDemo.release.xcconfig"; sourceTree = "<group>"; };
		F216F1A9254DF156002769CB /* AppConstants.swift */ = {isa = PBXFileReference; lastKnownFileType = sourcecode.swift; path = AppConstants.swift; sourceTree = "<group>"; };
		F216F1B1254DF18D002769CB /* TopStoriesViewModel.swift */ = {isa = PBXFileReference; lastKnownFileType = sourcecode.swift; path = TopStoriesViewModel.swift; sourceTree = "<group>"; };
<<<<<<< HEAD
		F216F1BA254DF243002769CB /* NewsData.swift */ = {isa = PBXFileReference; lastKnownFileType = sourcecode.swift; path = NewsData.swift; sourceTree = "<group>"; };
=======
		F216F1BA254DF243002769CB /* TopStoriesModel.swift */ = {isa = PBXFileReference; lastKnownFileType = sourcecode.swift; path = TopStoriesModel.swift; sourceTree = "<group>"; };
>>>>>>> 27cd282d936dedb4c86db19906a895147aba00c3
		F285AC43254CB6B000AE1263 /* NewYorkTimesDemo.app */ = {isa = PBXFileReference; explicitFileType = wrapper.application; includeInIndex = 0; path = NewYorkTimesDemo.app; sourceTree = BUILT_PRODUCTS_DIR; };
		F285AC46254CB6B000AE1263 /* AppDelegate.swift */ = {isa = PBXFileReference; lastKnownFileType = sourcecode.swift; path = AppDelegate.swift; sourceTree = "<group>"; };
		F285AC48254CB6B000AE1263 /* SceneDelegate.swift */ = {isa = PBXFileReference; lastKnownFileType = sourcecode.swift; path = SceneDelegate.swift; sourceTree = "<group>"; };
		F285AC4A254CB6B000AE1263 /* TopStoriesViewController.swift */ = {isa = PBXFileReference; lastKnownFileType = sourcecode.swift; path = TopStoriesViewController.swift; sourceTree = "<group>"; };
		F285AC4D254CB6B000AE1263 /* Base */ = {isa = PBXFileReference; lastKnownFileType = file.storyboard; name = Base; path = Base.lproj/Main.storyboard; sourceTree = "<group>"; };
		F285AC4F254CB6B100AE1263 /* Assets.xcassets */ = {isa = PBXFileReference; lastKnownFileType = folder.assetcatalog; path = Assets.xcassets; sourceTree = "<group>"; };
		F285AC52254CB6B100AE1263 /* Base */ = {isa = PBXFileReference; lastKnownFileType = file.storyboard; name = Base; path = Base.lproj/LaunchScreen.storyboard; sourceTree = "<group>"; };
		F285AC54254CB6B100AE1263 /* Info.plist */ = {isa = PBXFileReference; lastKnownFileType = text.plist.xml; path = Info.plist; sourceTree = "<group>"; };
		F285AC59254CB6B100AE1263 /* NewYorkTimesDemoTests.xctest */ = {isa = PBXFileReference; explicitFileType = wrapper.cfbundle; includeInIndex = 0; path = NewYorkTimesDemoTests.xctest; sourceTree = BUILT_PRODUCTS_DIR; };
		F285AC5D254CB6B100AE1263 /* NewYorkTimesDemoTests.swift */ = {isa = PBXFileReference; lastKnownFileType = sourcecode.swift; path = NewYorkTimesDemoTests.swift; sourceTree = "<group>"; };
		F285AC5F254CB6B100AE1263 /* Info.plist */ = {isa = PBXFileReference; lastKnownFileType = text.plist.xml; path = Info.plist; sourceTree = "<group>"; };
<<<<<<< HEAD
=======
		F285AC64254CB6B100AE1263 /* NewYorkTimesDemoUITests.xctest */ = {isa = PBXFileReference; explicitFileType = wrapper.cfbundle; includeInIndex = 0; path = NewYorkTimesDemoUITests.xctest; sourceTree = BUILT_PRODUCTS_DIR; };
>>>>>>> 27cd282d936dedb4c86db19906a895147aba00c3
		F285AC7F254CB74D00AE1263 /* ServiceManager.swift */ = {isa = PBXFileReference; lastKnownFileType = sourcecode.swift; path = ServiceManager.swift; sourceTree = "<group>"; };
		F28E914C25504BC80093A287 /* ErrorTests.swift */ = {isa = PBXFileReference; lastKnownFileType = sourcecode.swift; path = ErrorTests.swift; sourceTree = "<group>"; };
		F2FAE917254DFBD4009414A7 /* TopStoryTableViewCell.swift */ = {isa = PBXFileReference; lastKnownFileType = sourcecode.swift; path = TopStoryTableViewCell.swift; sourceTree = "<group>"; };
		F2FAE91E254DFC1B009414A7 /* ReuseableCellProtocol.swift */ = {isa = PBXFileReference; lastKnownFileType = sourcecode.swift; path = ReuseableCellProtocol.swift; sourceTree = "<group>"; };
<<<<<<< HEAD
		F2FAE940254E3AF3009414A7 /* StoryDetailViewController.swift */ = {isa = PBXFileReference; lastKnownFileType = sourcecode.swift; path = StoryDetailViewController.swift; sourceTree = "<group>"; };
=======
		F2FAE927254E0529009414A7 /* TopStoriesNavigationController.swift */ = {isa = PBXFileReference; lastKnownFileType = sourcecode.swift; path = TopStoriesNavigationController.swift; sourceTree = "<group>"; };
		F2FAE940254E3AF3009414A7 /* StoryDetailViewController.swift */ = {isa = PBXFileReference; lastKnownFileType = sourcecode.swift; path = StoryDetailViewController.swift; sourceTree = "<group>"; };
		F2FAE951254E3E74009414A7 /* StoriesDetailViewModel.swift */ = {isa = PBXFileReference; lastKnownFileType = sourcecode.swift; path = StoriesDetailViewModel.swift; sourceTree = "<group>"; };
		F2FAE95A254E4262009414A7 /* StoryDetailModel.swift */ = {isa = PBXFileReference; lastKnownFileType = sourcecode.swift; path = StoryDetailModel.swift; sourceTree = "<group>"; };
>>>>>>> 27cd282d936dedb4c86db19906a895147aba00c3
/* End PBXFileReference section */

/* Begin PBXFrameworksBuildPhase section */
		F285AC40254CB6B000AE1263 /* Frameworks */ = {
			isa = PBXFrameworksBuildPhase;
			buildActionMask = 2147483647;
			files = (
				E54FA23A7F63978033EACB4B /* Pods_NewYorkTimesDemo.framework in Frameworks */,
			);
			runOnlyForDeploymentPostprocessing = 0;
		};
		F285AC56254CB6B100AE1263 /* Frameworks */ = {
			isa = PBXFrameworksBuildPhase;
			buildActionMask = 2147483647;
			files = (
			);
			runOnlyForDeploymentPostprocessing = 0;
		};
/* End PBXFrameworksBuildPhase section */

/* Begin PBXGroup section */
		7F1463E08A962E5F965D331B /* Pods */ = {
			isa = PBXGroup;
			children = (
				19D7122DD8CF5A21740D4D56 /* Pods-NewYorkTimesDemo.debug.xcconfig */,
				B899EACE4FD97025E95D55CA /* Pods-NewYorkTimesDemo.release.xcconfig */,
			);
			path = Pods;
			sourceTree = "<group>";
		};
		C12EBEC7E58FCDD77644FCFF /* Frameworks */ = {
			isa = PBXGroup;
			children = (
				0FB46B5214FCB2CCFEF2ED0C /* Pods_NewYorkTimesDemo.framework */,
			);
			name = Frameworks;
			sourceTree = "<group>";
		};
		F216F1A5254DF0D7002769CB /* Sceens */ = {
			isa = PBXGroup;
			children = (
				F2FAE938254E3913009414A7 /* StoryDetail */,
				F216F1A6254DF0E1002769CB /* TopStories */,
			);
			path = Sceens;
			sourceTree = "<group>";
		};
		F216F1A6254DF0E1002769CB /* TopStories */ = {
			isa = PBXGroup;
			children = (
				F2FAE916254DFBC0009414A7 /* Views */,
				F216F1B9254DF236002769CB /* Model */,
				F285AC7D254CB6BA00AE1263 /* ViewModel */,
				F285AC79254CB6B800AE1263 /* Controller */,
			);
			path = TopStories;
			sourceTree = "<group>";
		};
		F216F1A8254DF105002769CB /* Common */ = {
			isa = PBXGroup;
			children = (
				F2FAE91D254DFC0A009414A7 /* Protocols */,
				F2FAE91C254DFC02009414A7 /* Constants */,
			);
			path = Common;
			sourceTree = "<group>";
		};
		F216F1B9254DF236002769CB /* Model */ = {
			isa = PBXGroup;
			children = (
				F216F1BA254DF243002769CB /* NewsData.swift */,
			);
			path = Model;
			sourceTree = "<group>";
		};
		F285AC3A254CB6B000AE1263 = {
			isa = PBXGroup;
			children = (
				F285AC45254CB6B000AE1263 /* NewYorkTimesDemo */,
				F285AC5C254CB6B100AE1263 /* NewYorkTimesDemoTests */,
				F285AC44254CB6B000AE1263 /* Products */,
				7F1463E08A962E5F965D331B /* Pods */,
				C12EBEC7E58FCDD77644FCFF /* Frameworks */,
			);
			sourceTree = "<group>";
		};
		F285AC44254CB6B000AE1263 /* Products */ = {
			isa = PBXGroup;
			children = (
				F285AC43254CB6B000AE1263 /* NewYorkTimesDemo.app */,
				F285AC59254CB6B100AE1263 /* NewYorkTimesDemoTests.xctest */,
			);
			name = Products;
			sourceTree = "<group>";
		};
		F285AC45254CB6B000AE1263 /* NewYorkTimesDemo */ = {
			isa = PBXGroup;
			children = (
				F216F1A8254DF105002769CB /* Common */,
				F285AC7E254CB6BC00AE1263 /* Service */,
				F216F1A5254DF0D7002769CB /* Sceens */,
				F285AC46254CB6B000AE1263 /* AppDelegate.swift */,
				F285AC48254CB6B000AE1263 /* SceneDelegate.swift */,
				F285AC4C254CB6B000AE1263 /* Main.storyboard */,
				F285AC4F254CB6B100AE1263 /* Assets.xcassets */,
				F285AC51254CB6B100AE1263 /* LaunchScreen.storyboard */,
				F285AC54254CB6B100AE1263 /* Info.plist */,
			);
			path = NewYorkTimesDemo;
			sourceTree = "<group>";
		};
		F285AC5C254CB6B100AE1263 /* NewYorkTimesDemoTests */ = {
			isa = PBXGroup;
			children = (
				F285AC5D254CB6B100AE1263 /* NewYorkTimesDemoTests.swift */,
				F28E914C25504BC80093A287 /* ErrorTests.swift */,
				F285AC5F254CB6B100AE1263 /* Info.plist */,
			);
			path = NewYorkTimesDemoTests;
			sourceTree = "<group>";
		};
		F285AC79254CB6B800AE1263 /* Controller */ = {
			isa = PBXGroup;
			children = (
				F285AC4A254CB6B000AE1263 /* TopStoriesViewController.swift */,
				F2FAE927254E0529009414A7 /* TopStoriesNavigationController.swift */,
			);
			path = Controller;
			sourceTree = "<group>";
		};
		F285AC7D254CB6BA00AE1263 /* ViewModel */ = {
			isa = PBXGroup;
			children = (
				F216F1B1254DF18D002769CB /* TopStoriesViewModel.swift */,
			);
			path = ViewModel;
			sourceTree = "<group>";
		};
		F285AC7E254CB6BC00AE1263 /* Service */ = {
			isa = PBXGroup;
			children = (
				F285AC7F254CB74D00AE1263 /* ServiceManager.swift */,
			);
			path = Service;
			sourceTree = "<group>";
		};
		F2FAE916254DFBC0009414A7 /* Views */ = {
			isa = PBXGroup;
			children = (
				F2FAE917254DFBD4009414A7 /* TopStoryTableViewCell.swift */,
			);
			path = Views;
			sourceTree = "<group>";
		};
		F2FAE91C254DFC02009414A7 /* Constants */ = {
			isa = PBXGroup;
			children = (
				F216F1A9254DF156002769CB /* AppConstants.swift */,
			);
			path = Constants;
			sourceTree = "<group>";
		};
		F2FAE91D254DFC0A009414A7 /* Protocols */ = {
			isa = PBXGroup;
			children = (
				F2FAE91E254DFC1B009414A7 /* ReuseableCellProtocol.swift */,
				3C2B776C254F5E8C00E510B5 /* UIImageView+Ext.swift */,
			);
			path = Protocols;
			sourceTree = "<group>";
		};
		F2FAE938254E3913009414A7 /* StoryDetail */ = {
			isa = PBXGroup;
			children = (
<<<<<<< HEAD
=======
				F2FAE959254E424F009414A7 /* Model */,
				F2FAE93F254E3AB3009414A7 /* ViewModel */,
>>>>>>> 27cd282d936dedb4c86db19906a895147aba00c3
				F2FAE93C254E3A9F009414A7 /* Controller */,
			);
			path = StoryDetail;
			sourceTree = "<group>";
		};
		F2FAE93C254E3A9F009414A7 /* Controller */ = {
			isa = PBXGroup;
			children = (
				F2FAE940254E3AF3009414A7 /* StoryDetailViewController.swift */,
			);
			path = Controller;
			sourceTree = "<group>";
		};
<<<<<<< HEAD
=======
		F2FAE93F254E3AB3009414A7 /* ViewModel */ = {
			isa = PBXGroup;
			children = (
				F2FAE951254E3E74009414A7 /* StoriesDetailViewModel.swift */,
			);
			path = ViewModel;
			sourceTree = "<group>";
		};
		F2FAE959254E424F009414A7 /* Model */ = {
			isa = PBXGroup;
			children = (
				F2FAE95A254E4262009414A7 /* StoryDetailModel.swift */,
			);
			path = Model;
			sourceTree = "<group>";
		};
>>>>>>> 27cd282d936dedb4c86db19906a895147aba00c3
/* End PBXGroup section */

/* Begin PBXNativeTarget section */
		F285AC42254CB6B000AE1263 /* NewYorkTimesDemo */ = {
			isa = PBXNativeTarget;
			buildConfigurationList = F285AC6D254CB6B100AE1263 /* Build configuration list for PBXNativeTarget "NewYorkTimesDemo" */;
			buildPhases = (
				D1C6BF66C874453A46CC4489 /* [CP] Check Pods Manifest.lock */,
				F285AC3F254CB6B000AE1263 /* Sources */,
				F285AC40254CB6B000AE1263 /* Frameworks */,
				F285AC41254CB6B000AE1263 /* Resources */,
				4EED4770C47884DEEB146531 /* [CP] Embed Pods Frameworks */,
			);
			buildRules = (
			);
			dependencies = (
			);
			name = NewYorkTimesDemo;
			productName = NewYorkTimesDemo;
			productReference = F285AC43254CB6B000AE1263 /* NewYorkTimesDemo.app */;
			productType = "com.apple.product-type.application";
		};
		F285AC58254CB6B100AE1263 /* NewYorkTimesDemoTests */ = {
			isa = PBXNativeTarget;
			buildConfigurationList = F285AC70254CB6B100AE1263 /* Build configuration list for PBXNativeTarget "NewYorkTimesDemoTests" */;
			buildPhases = (
				F285AC55254CB6B100AE1263 /* Sources */,
				F285AC56254CB6B100AE1263 /* Frameworks */,
				F285AC57254CB6B100AE1263 /* Resources */,
			);
			buildRules = (
			);
			dependencies = (
				F285AC5B254CB6B100AE1263 /* PBXTargetDependency */,
			);
			name = NewYorkTimesDemoTests;
			productName = NewYorkTimesDemoTests;
			productReference = F285AC59254CB6B100AE1263 /* NewYorkTimesDemoTests.xctest */;
			productType = "com.apple.product-type.bundle.unit-test";
		};
/* End PBXNativeTarget section */

/* Begin PBXProject section */
		F285AC3B254CB6B000AE1263 /* Project object */ = {
			isa = PBXProject;
			attributes = {
				LastSwiftUpdateCheck = 1210;
				LastUpgradeCheck = 1210;
				TargetAttributes = {
					F285AC42254CB6B000AE1263 = {
						CreatedOnToolsVersion = 12.1;
					};
					F285AC58254CB6B100AE1263 = {
						CreatedOnToolsVersion = 12.1;
						TestTargetID = F285AC42254CB6B000AE1263;
					};
				};
			};
			buildConfigurationList = F285AC3E254CB6B000AE1263 /* Build configuration list for PBXProject "NewYorkTimesDemo" */;
			compatibilityVersion = "Xcode 9.3";
			developmentRegion = en;
			hasScannedForEncodings = 0;
			knownRegions = (
				en,
				Base,
			);
			mainGroup = F285AC3A254CB6B000AE1263;
			productRefGroup = F285AC44254CB6B000AE1263 /* Products */;
			projectDirPath = "";
			projectRoot = "";
			targets = (
				F285AC42254CB6B000AE1263 /* NewYorkTimesDemo */,
				F285AC58254CB6B100AE1263 /* NewYorkTimesDemoTests */,
			);
		};
/* End PBXProject section */

/* Begin PBXResourcesBuildPhase section */
		F285AC41254CB6B000AE1263 /* Resources */ = {
			isa = PBXResourcesBuildPhase;
			buildActionMask = 2147483647;
			files = (
				F285AC53254CB6B100AE1263 /* LaunchScreen.storyboard in Resources */,
				F285AC50254CB6B100AE1263 /* Assets.xcassets in Resources */,
				F285AC4E254CB6B000AE1263 /* Main.storyboard in Resources */,
			);
			runOnlyForDeploymentPostprocessing = 0;
		};
		F285AC57254CB6B100AE1263 /* Resources */ = {
			isa = PBXResourcesBuildPhase;
			buildActionMask = 2147483647;
			files = (
			);
			runOnlyForDeploymentPostprocessing = 0;
		};
/* End PBXResourcesBuildPhase section */

/* Begin PBXShellScriptBuildPhase section */
		4EED4770C47884DEEB146531 /* [CP] Embed Pods Frameworks */ = {
			isa = PBXShellScriptBuildPhase;
			buildActionMask = 2147483647;
			files = (
			);
			inputFileListPaths = (
				"${PODS_ROOT}/Target Support Files/Pods-NewYorkTimesDemo/Pods-NewYorkTimesDemo-frameworks-${CONFIGURATION}-input-files.xcfilelist",
			);
			name = "[CP] Embed Pods Frameworks";
			outputFileListPaths = (
				"${PODS_ROOT}/Target Support Files/Pods-NewYorkTimesDemo/Pods-NewYorkTimesDemo-frameworks-${CONFIGURATION}-output-files.xcfilelist",
			);
			runOnlyForDeploymentPostprocessing = 0;
			shellPath = /bin/sh;
			shellScript = "\"${PODS_ROOT}/Target Support Files/Pods-NewYorkTimesDemo/Pods-NewYorkTimesDemo-frameworks.sh\"\n";
			showEnvVarsInLog = 0;
		};
		D1C6BF66C874453A46CC4489 /* [CP] Check Pods Manifest.lock */ = {
			isa = PBXShellScriptBuildPhase;
			buildActionMask = 2147483647;
			files = (
			);
			inputFileListPaths = (
			);
			inputPaths = (
				"${PODS_PODFILE_DIR_PATH}/Podfile.lock",
				"${PODS_ROOT}/Manifest.lock",
			);
			name = "[CP] Check Pods Manifest.lock";
			outputFileListPaths = (
			);
			outputPaths = (
				"$(DERIVED_FILE_DIR)/Pods-NewYorkTimesDemo-checkManifestLockResult.txt",
			);
			runOnlyForDeploymentPostprocessing = 0;
			shellPath = /bin/sh;
			shellScript = "diff \"${PODS_PODFILE_DIR_PATH}/Podfile.lock\" \"${PODS_ROOT}/Manifest.lock\" > /dev/null\nif [ $? != 0 ] ; then\n    # print error to STDERR\n    echo \"error: The sandbox is not in sync with the Podfile.lock. Run 'pod install' or update your CocoaPods installation.\" >&2\n    exit 1\nfi\n# This output is used by Xcode 'outputs' to avoid re-running this script phase.\necho \"SUCCESS\" > \"${SCRIPT_OUTPUT_FILE_0}\"\n";
			showEnvVarsInLog = 0;
		};
/* End PBXShellScriptBuildPhase section */

/* Begin PBXSourcesBuildPhase section */
		F285AC3F254CB6B000AE1263 /* Sources */ = {
			isa = PBXSourcesBuildPhase;
			buildActionMask = 2147483647;
			files = (
<<<<<<< HEAD
				3C2B776D254F5E8C00E510B5 /* UIImageView+Ext.swift in Sources */,
				F2FAE941254E3AF3009414A7 /* StoryDetailViewController.swift in Sources */,
				F216F1BB254DF243002769CB /* NewsData.swift in Sources */,
=======
				F2FAE95B254E4262009414A7 /* StoryDetailModel.swift in Sources */,
				F2FAE941254E3AF3009414A7 /* StoryDetailViewController.swift in Sources */,
				F216F1BB254DF243002769CB /* TopStoriesModel.swift in Sources */,
>>>>>>> 27cd282d936dedb4c86db19906a895147aba00c3
				F285AC4B254CB6B000AE1263 /* TopStoriesViewController.swift in Sources */,
				F285AC47254CB6B000AE1263 /* AppDelegate.swift in Sources */,
				F2FAE928254E0529009414A7 /* TopStoriesNavigationController.swift in Sources */,
				F285AC49254CB6B000AE1263 /* SceneDelegate.swift in Sources */,
				F2FAE91F254DFC1B009414A7 /* ReuseableCellProtocol.swift in Sources */,
				F285AC80254CB74D00AE1263 /* ServiceManager.swift in Sources */,
				F2FAE918254DFBD4009414A7 /* TopStoryTableViewCell.swift in Sources */,
				F216F1B2254DF18E002769CB /* TopStoriesViewModel.swift in Sources */,
				F216F1AA254DF156002769CB /* AppConstants.swift in Sources */,
				F2FAE952254E3E74009414A7 /* StoriesDetailViewModel.swift in Sources */,
			);
			runOnlyForDeploymentPostprocessing = 0;
		};
		F285AC55254CB6B100AE1263 /* Sources */ = {
			isa = PBXSourcesBuildPhase;
			buildActionMask = 2147483647;
			files = (
				F28E914D25504BC80093A287 /* ErrorTests.swift in Sources */,
				F285AC5E254CB6B100AE1263 /* NewYorkTimesDemoTests.swift in Sources */,
			);
			runOnlyForDeploymentPostprocessing = 0;
		};
<<<<<<< HEAD
=======
		F285AC60254CB6B100AE1263 /* Sources */ = {
			isa = PBXSourcesBuildPhase;
			buildActionMask = 2147483647;
			files = (
			);
			runOnlyForDeploymentPostprocessing = 0;
		};
>>>>>>> 27cd282d936dedb4c86db19906a895147aba00c3
/* End PBXSourcesBuildPhase section */

/* Begin PBXTargetDependency section */
		F285AC5B254CB6B100AE1263 /* PBXTargetDependency */ = {
			isa = PBXTargetDependency;
			target = F285AC42254CB6B000AE1263 /* NewYorkTimesDemo */;
			targetProxy = F285AC5A254CB6B100AE1263 /* PBXContainerItemProxy */;
		};
/* End PBXTargetDependency section */

/* Begin PBXVariantGroup section */
		F285AC4C254CB6B000AE1263 /* Main.storyboard */ = {
			isa = PBXVariantGroup;
			children = (
				F285AC4D254CB6B000AE1263 /* Base */,
			);
			name = Main.storyboard;
			sourceTree = "<group>";
		};
		F285AC51254CB6B100AE1263 /* LaunchScreen.storyboard */ = {
			isa = PBXVariantGroup;
			children = (
				F285AC52254CB6B100AE1263 /* Base */,
			);
			name = LaunchScreen.storyboard;
			sourceTree = "<group>";
		};
/* End PBXVariantGroup section */

/* Begin XCBuildConfiguration section */
		F285AC6B254CB6B100AE1263 /* Debug */ = {
			isa = XCBuildConfiguration;
			buildSettings = {
				ALWAYS_SEARCH_USER_PATHS = NO;
				CLANG_ANALYZER_NONNULL = YES;
				CLANG_ANALYZER_NUMBER_OBJECT_CONVERSION = YES_AGGRESSIVE;
				CLANG_CXX_LANGUAGE_STANDARD = "gnu++14";
				CLANG_CXX_LIBRARY = "libc++";
				CLANG_ENABLE_MODULES = YES;
				CLANG_ENABLE_OBJC_ARC = YES;
				CLANG_ENABLE_OBJC_WEAK = YES;
				CLANG_WARN_BLOCK_CAPTURE_AUTORELEASING = YES;
				CLANG_WARN_BOOL_CONVERSION = YES;
				CLANG_WARN_COMMA = YES;
				CLANG_WARN_CONSTANT_CONVERSION = YES;
				CLANG_WARN_DEPRECATED_OBJC_IMPLEMENTATIONS = YES;
				CLANG_WARN_DIRECT_OBJC_ISA_USAGE = YES_ERROR;
				CLANG_WARN_DOCUMENTATION_COMMENTS = YES;
				CLANG_WARN_EMPTY_BODY = YES;
				CLANG_WARN_ENUM_CONVERSION = YES;
				CLANG_WARN_INFINITE_RECURSION = YES;
				CLANG_WARN_INT_CONVERSION = YES;
				CLANG_WARN_NON_LITERAL_NULL_CONVERSION = YES;
				CLANG_WARN_OBJC_IMPLICIT_RETAIN_SELF = YES;
				CLANG_WARN_OBJC_LITERAL_CONVERSION = YES;
				CLANG_WARN_OBJC_ROOT_CLASS = YES_ERROR;
				CLANG_WARN_QUOTED_INCLUDE_IN_FRAMEWORK_HEADER = YES;
				CLANG_WARN_RANGE_LOOP_ANALYSIS = YES;
				CLANG_WARN_STRICT_PROTOTYPES = YES;
				CLANG_WARN_SUSPICIOUS_MOVE = YES;
				CLANG_WARN_UNGUARDED_AVAILABILITY = YES_AGGRESSIVE;
				CLANG_WARN_UNREACHABLE_CODE = YES;
				CLANG_WARN__DUPLICATE_METHOD_MATCH = YES;
				COPY_PHASE_STRIP = NO;
				DEBUG_INFORMATION_FORMAT = dwarf;
				ENABLE_STRICT_OBJC_MSGSEND = YES;
				ENABLE_TESTABILITY = YES;
				GCC_C_LANGUAGE_STANDARD = gnu11;
				GCC_DYNAMIC_NO_PIC = NO;
				GCC_NO_COMMON_BLOCKS = YES;
				GCC_OPTIMIZATION_LEVEL = 0;
				GCC_PREPROCESSOR_DEFINITIONS = (
					"DEBUG=1",
					"$(inherited)",
				);
				GCC_WARN_64_TO_32_BIT_CONVERSION = YES;
				GCC_WARN_ABOUT_RETURN_TYPE = YES_ERROR;
				GCC_WARN_UNDECLARED_SELECTOR = YES;
				GCC_WARN_UNINITIALIZED_AUTOS = YES_AGGRESSIVE;
				GCC_WARN_UNUSED_FUNCTION = YES;
				GCC_WARN_UNUSED_VARIABLE = YES;
				IPHONEOS_DEPLOYMENT_TARGET = 13.0;
				MTL_ENABLE_DEBUG_INFO = INCLUDE_SOURCE;
				MTL_FAST_MATH = YES;
				ONLY_ACTIVE_ARCH = YES;
				SDKROOT = iphoneos;
				SWIFT_ACTIVE_COMPILATION_CONDITIONS = DEBUG;
				SWIFT_OPTIMIZATION_LEVEL = "-Onone";
			};
			name = Debug;
		};
		F285AC6C254CB6B100AE1263 /* Release */ = {
			isa = XCBuildConfiguration;
			buildSettings = {
				ALWAYS_SEARCH_USER_PATHS = NO;
				CLANG_ANALYZER_NONNULL = YES;
				CLANG_ANALYZER_NUMBER_OBJECT_CONVERSION = YES_AGGRESSIVE;
				CLANG_CXX_LANGUAGE_STANDARD = "gnu++14";
				CLANG_CXX_LIBRARY = "libc++";
				CLANG_ENABLE_MODULES = YES;
				CLANG_ENABLE_OBJC_ARC = YES;
				CLANG_ENABLE_OBJC_WEAK = YES;
				CLANG_WARN_BLOCK_CAPTURE_AUTORELEASING = YES;
				CLANG_WARN_BOOL_CONVERSION = YES;
				CLANG_WARN_COMMA = YES;
				CLANG_WARN_CONSTANT_CONVERSION = YES;
				CLANG_WARN_DEPRECATED_OBJC_IMPLEMENTATIONS = YES;
				CLANG_WARN_DIRECT_OBJC_ISA_USAGE = YES_ERROR;
				CLANG_WARN_DOCUMENTATION_COMMENTS = YES;
				CLANG_WARN_EMPTY_BODY = YES;
				CLANG_WARN_ENUM_CONVERSION = YES;
				CLANG_WARN_INFINITE_RECURSION = YES;
				CLANG_WARN_INT_CONVERSION = YES;
				CLANG_WARN_NON_LITERAL_NULL_CONVERSION = YES;
				CLANG_WARN_OBJC_IMPLICIT_RETAIN_SELF = YES;
				CLANG_WARN_OBJC_LITERAL_CONVERSION = YES;
				CLANG_WARN_OBJC_ROOT_CLASS = YES_ERROR;
				CLANG_WARN_QUOTED_INCLUDE_IN_FRAMEWORK_HEADER = YES;
				CLANG_WARN_RANGE_LOOP_ANALYSIS = YES;
				CLANG_WARN_STRICT_PROTOTYPES = YES;
				CLANG_WARN_SUSPICIOUS_MOVE = YES;
				CLANG_WARN_UNGUARDED_AVAILABILITY = YES_AGGRESSIVE;
				CLANG_WARN_UNREACHABLE_CODE = YES;
				CLANG_WARN__DUPLICATE_METHOD_MATCH = YES;
				COPY_PHASE_STRIP = NO;
				DEBUG_INFORMATION_FORMAT = "dwarf-with-dsym";
				ENABLE_NS_ASSERTIONS = NO;
				ENABLE_STRICT_OBJC_MSGSEND = YES;
				GCC_C_LANGUAGE_STANDARD = gnu11;
				GCC_NO_COMMON_BLOCKS = YES;
				GCC_WARN_64_TO_32_BIT_CONVERSION = YES;
				GCC_WARN_ABOUT_RETURN_TYPE = YES_ERROR;
				GCC_WARN_UNDECLARED_SELECTOR = YES;
				GCC_WARN_UNINITIALIZED_AUTOS = YES_AGGRESSIVE;
				GCC_WARN_UNUSED_FUNCTION = YES;
				GCC_WARN_UNUSED_VARIABLE = YES;
				IPHONEOS_DEPLOYMENT_TARGET = 13.0;
				MTL_ENABLE_DEBUG_INFO = NO;
				MTL_FAST_MATH = YES;
				SDKROOT = iphoneos;
				SWIFT_COMPILATION_MODE = wholemodule;
				SWIFT_OPTIMIZATION_LEVEL = "-O";
				VALIDATE_PRODUCT = YES;
			};
			name = Release;
		};
		F285AC6E254CB6B100AE1263 /* Debug */ = {
			isa = XCBuildConfiguration;
			baseConfigurationReference = 19D7122DD8CF5A21740D4D56 /* Pods-NewYorkTimesDemo.debug.xcconfig */;
			buildSettings = {
				ASSETCATALOG_COMPILER_APPICON_NAME = AppIcon;
				ASSETCATALOG_COMPILER_GLOBAL_ACCENT_COLOR_NAME = AccentColor;
				CODE_SIGN_STYLE = Automatic;
				DEVELOPMENT_TEAM = 7GVZPRCFHJ;
				INFOPLIST_FILE = NewYorkTimesDemo/Info.plist;
				IPHONEOS_DEPLOYMENT_TARGET = 13.0;
				LD_RUNPATH_SEARCH_PATHS = (
					"$(inherited)",
					"@executable_path/Frameworks",
				);
				PRODUCT_BUNDLE_IDENTIFIER = "John-Li.NewYorkTimesDemo";
				PRODUCT_NAME = "$(TARGET_NAME)";
				SWIFT_VERSION = 5.0;
				TARGETED_DEVICE_FAMILY = "1,2";
			};
			name = Debug;
		};
		F285AC6F254CB6B100AE1263 /* Release */ = {
			isa = XCBuildConfiguration;
			baseConfigurationReference = B899EACE4FD97025E95D55CA /* Pods-NewYorkTimesDemo.release.xcconfig */;
			buildSettings = {
				ASSETCATALOG_COMPILER_APPICON_NAME = AppIcon;
				ASSETCATALOG_COMPILER_GLOBAL_ACCENT_COLOR_NAME = AccentColor;
				CODE_SIGN_STYLE = Automatic;
				DEVELOPMENT_TEAM = 7GVZPRCFHJ;
				INFOPLIST_FILE = NewYorkTimesDemo/Info.plist;
				IPHONEOS_DEPLOYMENT_TARGET = 13.0;
				LD_RUNPATH_SEARCH_PATHS = (
					"$(inherited)",
					"@executable_path/Frameworks",
				);
				PRODUCT_BUNDLE_IDENTIFIER = "John-Li.NewYorkTimesDemo";
				PRODUCT_NAME = "$(TARGET_NAME)";
				SWIFT_VERSION = 5.0;
				TARGETED_DEVICE_FAMILY = "1,2";
			};
			name = Release;
		};
		F285AC71254CB6B100AE1263 /* Debug */ = {
			isa = XCBuildConfiguration;
			buildSettings = {
				ALWAYS_EMBED_SWIFT_STANDARD_LIBRARIES = YES;
				BUNDLE_LOADER = "$(TEST_HOST)";
				CODE_SIGN_STYLE = Automatic;
				DEVELOPMENT_TEAM = 7GVZPRCFHJ;
				INFOPLIST_FILE = NewYorkTimesDemoTests/Info.plist;
				IPHONEOS_DEPLOYMENT_TARGET = 13.0;
				LD_RUNPATH_SEARCH_PATHS = (
					"$(inherited)",
					"@executable_path/Frameworks",
					"@loader_path/Frameworks",
				);
				PRODUCT_BUNDLE_IDENTIFIER = "John-Li.NewYorkTimesDemoTests";
				PRODUCT_NAME = "$(TARGET_NAME)";
				SWIFT_VERSION = 5.0;
				TARGETED_DEVICE_FAMILY = "1,2";
				TEST_HOST = "$(BUILT_PRODUCTS_DIR)/NewYorkTimesDemo.app/NewYorkTimesDemo";
			};
			name = Debug;
		};
		F285AC72254CB6B100AE1263 /* Release */ = {
			isa = XCBuildConfiguration;
			buildSettings = {
				ALWAYS_EMBED_SWIFT_STANDARD_LIBRARIES = YES;
				BUNDLE_LOADER = "$(TEST_HOST)";
				CODE_SIGN_STYLE = Automatic;
				DEVELOPMENT_TEAM = 7GVZPRCFHJ;
				INFOPLIST_FILE = NewYorkTimesDemoTests/Info.plist;
				IPHONEOS_DEPLOYMENT_TARGET = 13.0;
				LD_RUNPATH_SEARCH_PATHS = (
					"$(inherited)",
					"@executable_path/Frameworks",
					"@loader_path/Frameworks",
				);
				PRODUCT_BUNDLE_IDENTIFIER = "John-Li.NewYorkTimesDemoTests";
				PRODUCT_NAME = "$(TARGET_NAME)";
				SWIFT_VERSION = 5.0;
				TARGETED_DEVICE_FAMILY = "1,2";
				TEST_HOST = "$(BUILT_PRODUCTS_DIR)/NewYorkTimesDemo.app/NewYorkTimesDemo";
			};
			name = Release;
		};
/* End XCBuildConfiguration section */

/* Begin XCConfigurationList section */
		F285AC3E254CB6B000AE1263 /* Build configuration list for PBXProject "NewYorkTimesDemo" */ = {
			isa = XCConfigurationList;
			buildConfigurations = (
				F285AC6B254CB6B100AE1263 /* Debug */,
				F285AC6C254CB6B100AE1263 /* Release */,
			);
			defaultConfigurationIsVisible = 0;
			defaultConfigurationName = Release;
		};
		F285AC6D254CB6B100AE1263 /* Build configuration list for PBXNativeTarget "NewYorkTimesDemo" */ = {
			isa = XCConfigurationList;
			buildConfigurations = (
				F285AC6E254CB6B100AE1263 /* Debug */,
				F285AC6F254CB6B100AE1263 /* Release */,
			);
			defaultConfigurationIsVisible = 0;
			defaultConfigurationName = Release;
		};
		F285AC70254CB6B100AE1263 /* Build configuration list for PBXNativeTarget "NewYorkTimesDemoTests" */ = {
			isa = XCConfigurationList;
			buildConfigurations = (
				F285AC71254CB6B100AE1263 /* Debug */,
				F285AC72254CB6B100AE1263 /* Release */,
			);
			defaultConfigurationIsVisible = 0;
			defaultConfigurationName = Release;
		};
/* End XCConfigurationList section */
	};
	rootObject = F285AC3B254CB6B000AE1263 /* Project object */;
}
